
Microsoft Visual Studio Solution File, Format Version 12.00
# Visual Studio Version 17
VisualStudioVersion = 17.14.36705.20
MinimumVisualStudioVersion = 10.0.40219.1
Project("{FAE04EC0-301F-11D3-BF4B-00C04F79EFBC}") = "integracoes", "integracoes\integracoes.csproj", "{FA6D9887-6A5F-4E17-8E70-385F53F526E0}"
EndProject
Project("{FAE04EC0-301F-11D3-BF4B-00C04F79EFBC}") = "Pdv", "Pdv\Pdv.csproj", "{F4B7C866-F833-4800-9361-87A532C37CD4}"
EndProject
Project("{FAE04EC0-301F-11D3-BF4B-00C04F79EFBC}") = "GestaoTI.API", "GestaoTI.API\GestaoTI.API.csproj", "{375DBEA4-E334-47D3-BCF4-C2BB07E8E563}"
EndProject
Global
	GlobalSection(SolutionConfigurationPlatforms) = preSolution
		Debug|Any CPU = Debug|Any CPU
		Release|Any CPU = Release|Any CPU
	EndGlobalSection
	GlobalSection(ProjectConfigurationPlatforms) = postSolution
		{FA6D9887-6A5F-4E17-8E70-385F53F526E0}.Debug|Any CPU.ActiveCfg = Debug|Any CPU
		{FA6D9887-6A5F-4E17-8E70-385F53F526E0}.Debug|Any CPU.Build.0 = Debug|Any CPU
		{FA6D9887-6A5F-4E17-8E70-385F53F526E0}.Release|Any CPU.ActiveCfg = Release|Any CPU
		{FA6D9887-6A5F-4E17-8E70-385F53F526E0}.Release|Any CPU.Build.0 = Release|Any CPU
		{F4B7C866-F833-4800-9361-87A532C37CD4}.Debug|Any CPU.ActiveCfg = Debug|Any CPU
		{F4B7C866-F833-4800-9361-87A532C37CD4}.Debug|Any CPU.Build.0 = Debug|Any CPU
		{F4B7C866-F833-4800-9361-87A532C37CD4}.Release|Any CPU.ActiveCfg = Release|Any CPU
		{F4B7C866-F833-4800-9361-87A532C37CD4}.Release|Any CPU.Build.0 = Release|Any CPU
		{375DBEA4-E334-47D3-BCF4-C2BB07E8E563}.Debug|Any CPU.ActiveCfg = Debug|Any CPU
		{375DBEA4-E334-47D3-BCF4-C2BB07E8E563}.Debug|Any CPU.Build.0 = Debug|Any CPU
		{375DBEA4-E334-47D3-BCF4-C2BB07E8E563}.Release|Any CPU.ActiveCfg = Release|Any CPU
		{375DBEA4-E334-47D3-BCF4-C2BB07E8E563}.Release|Any CPU.Build.0 = Release|Any CPU
	EndGlobalSection
	GlobalSection(SolutionProperties) = preSolution
		HideSolutionNode = FALSE
	EndGlobalSection
	GlobalSection(ExtensibilityGlobals) = postSolution
		SolutionGuid = {B9775B00-4238-4447-9DDF-28C0FEDEEC32}
	EndGlobalSection
EndGlobal
